
Microsoft Visual Studio Solution File, Format Version 12.00
# Visual Studio Version 17
VisualStudioVersion = 17.8.34330.188
MinimumVisualStudioVersion = 10.0.40219.1
Project("{9A19103F-16F7-4668-BE54-9A1E7A4F7556}") = "Hex2Array", "Hex2Array\Hex2Array.csproj", "{F1DCEA5C-409D-480E-BCE8-160DCD33CDA2}"
EndProject
Global
	GlobalSection(SolutionConfigurationPlatforms) = preSolution
		Debug|Any CPU = Debug|Any CPU
		Release|Any CPU = Release|Any CPU
	EndGlobalSection
	GlobalSection(ProjectConfigurationPlatforms) = postSolution
		{F1DCEA5C-409D-480E-BCE8-160DCD33CDA2}.Debug|Any CPU.ActiveCfg = Debug|Any CPU
		{F1DCEA5C-409D-480E-BCE8-160DCD33CDA2}.Debug|Any CPU.Build.0 = Debug|Any CPU
		{F1DCEA5C-409D-480E-BCE8-160DCD33CDA2}.Release|Any CPU.ActiveCfg = Release|Any CPU
		{F1DCEA5C-409D-480E-BCE8-160DCD33CDA2}.Release|Any CPU.Build.0 = Release|Any CPU
	EndGlobalSection
	GlobalSection(SolutionProperties) = preSolution
		HideSolutionNode = FALSE
	EndGlobalSection
	GlobalSection(ExtensibilityGlobals) = postSolution
		SolutionGuid = {16594328-678D-4D66-B765-CE4EEDC4BD55}
	EndGlobalSection
EndGlobal
